
Microsoft Visual Studio Solution File, Format Version 12.00
# Visual Studio Version 16
VisualStudioVersion = 16.0.30011.22
MinimumVisualStudioVersion = 10.0.40219.1
Project("{888888A0-9F3D-457C-B088-3A5042F75D52}") = "OOPython", "OOPython\OOPython.pyproj", "{CE2EC218-CEAF-4E9D-913B-3D49F4FAED64}"
EndProject
Project("{9A19103F-16F7-4668-BE54-9A1E7A4F7556}") = "OOPcsharp", "OOPcsharp\OOPcsharp.csproj", "{DF4ECF7B-B95D-40EC-B38A-8D492299B966}"
EndProject
Project("{2150E333-8FDC-42A3-9474-1A3956D46DE8}") = "img", "img", "{66FBED76-64F9-46FE-892C-72750BCF6B8B}"
	ProjectSection(SolutionItems) = preProject
		img\AccessModifiers.svg = img\AccessModifiers.svg
		img\Encapsulation_v2.png = img\Encapsulation_v2.png
		img\Inheritance_v2.png = img\Inheritance_v2.png
		img\OOP_v2.png = img\OOP_v2.png
		img\Polymorphism_v2.png = img\Polymorphism_v2.png
	EndProjectSection
EndProject
Global
	GlobalSection(SolutionConfigurationPlatforms) = preSolution
		Debug|Any CPU = Debug|Any CPU
		Release|Any CPU = Release|Any CPU
	EndGlobalSection
	GlobalSection(ProjectConfigurationPlatforms) = postSolution
		{CE2EC218-CEAF-4E9D-913B-3D49F4FAED64}.Debug|Any CPU.ActiveCfg = Debug|Any CPU
		{CE2EC218-CEAF-4E9D-913B-3D49F4FAED64}.Release|Any CPU.ActiveCfg = Release|Any CPU
		{DF4ECF7B-B95D-40EC-B38A-8D492299B966}.Debug|Any CPU.ActiveCfg = Debug|Any CPU
		{DF4ECF7B-B95D-40EC-B38A-8D492299B966}.Debug|Any CPU.Build.0 = Debug|Any CPU
		{DF4ECF7B-B95D-40EC-B38A-8D492299B966}.Release|Any CPU.ActiveCfg = Release|Any CPU
		{DF4ECF7B-B95D-40EC-B38A-8D492299B966}.Release|Any CPU.Build.0 = Release|Any CPU
	EndGlobalSection
	GlobalSection(SolutionProperties) = preSolution
		HideSolutionNode = FALSE
	EndGlobalSection
	GlobalSection(ExtensibilityGlobals) = postSolution
		SolutionGuid = {46A20669-F0E2-4095-BB47-102C6D77BEA5}
	EndGlobalSection
EndGlobal
